<?xml version="1.0" encoding="utf-8"?>
<Project ToolsVersion="4.0" xmlns="http://schemas.microsoft.com/developer/msbuild/2003">
  <ItemGroup>
    <Filter Include="Source Files">
      <UniqueIdentifier>{4FC737F1-C7A5-4376-A066-2A32D752A2FF}</UniqueIdentifier>
      <Extensions>cpp;c;cc;cxx;c++;def;odl;idl;hpj;bat;asm;asmx</Extensions>
    </Filter>
    <Filter Include="Header Files">
      <UniqueIdentifier>{93995380-89BD-4b04-88EB-625FBE52EBFB}</UniqueIdentifier>
      <Extensions>h;hh;hpp;hxx;h++;hm;inl;inc;ipp;xsd</Extensions>
    </Filter>
    <Filter Include="Resource Files">
      <UniqueIdentifier>{67DA6AB6-F800-4c08-8B7A-83BB121AAD01}</UniqueIdentifier>
      <Extensions>rc;ico;cur;bmp;dlg;rc2;rct;bin;rgs;gif;jpg;jpeg;jpe;resx;tiff;tif;png;wav;mfcribbon-ms</Extensions>
    </Filter>
  </ItemGroup>
  <ItemGroup>
    <ClCompile Include="Main.cpp">
      <Filter>Source Files</Filter>
    </ClCompile>
    <ClCompile Include="ComplexCow.cpp">
      <Filter>Source Files</Filter>
    </ClCompile>
    <ClCompile Include="BackgroundImages.cpp">
      <Filter>Source Files</Filter>
    </ClCompile>
    <ClCompile Include="SimpleCow.cpp">
      <Filter>Source Files</Filter>
    </ClCompile>
    <ClCompile Include="Cow.cpp">
      <Filter>Source Files</Filter>
    </ClCompile>
    <ClCompile Include="DrawImage.cpp">
      <Filter>Source Files</Filter>
    </ClCompile>
    <ClCompile Include="Graphics.cpp">
      <Filter>Source Files</Filter>
    </ClCompile>
    <ClCompile Include="Soundfx.cpp">
      <Filter>Source Files</Filter>
    </ClCompile>
    <ClCompile Include="SpeechBubble.cpp">
      <Filter>Source Files</Filter>
    </ClCompile>
    <ClCompile Include="Thoughts.cpp">
      <Filter>Source Files</Filter>
    </ClCompile>
    <ClCompile Include="TimeElapsed.cpp">
      <Filter>Source Files</Filter>
    </ClCompile>
    <ClCompile Include="Window.cpp">
      <Filter>Source Files</Filter>
    </ClCompile>
    <ClCompile Include="WriteText.cpp">
      <Filter>Source Files</Filter>
    </ClCompile>
    <ClCompile Include="Timer.cpp">
      <Filter>Source Files</Filter>
    </ClCompile>
    <ClCompile Include="Points.cpp">
      <Filter>Source Files</Filter>
    </ClCompile>
    <ClCompile Include="GameObject.cpp">
      <Filter>Source Files</Filter>
    </ClCompile>
    <ClCompile Include="Items.cpp">
      <Filter>Source Files</Filter>
    </ClCompile>
    <ClCompile Include="Stomach.cpp">
      <Filter>Source Files</Filter>
    </ClCompile>
    <ClCompile Include="Disease.cpp">
      <Filter>Source Files</Filter>
    </ClCompile>
  </ItemGroup>
  <ItemGroup>
    <ClInclude Include="BackgroundImages.h">
      <Filter>Header Files</Filter>
    </ClInclude>
    <ClInclude Include="ComplexCow.h">
      <Filter>Header Files</Filter>
    </ClInclude>
    <ClInclude Include="SimpleCow.h">
      <Filter>Header Files</Filter>
    </ClInclude>
    <ClInclude Include="Cow.h">
      <Filter>Header Files</Filter>
    </ClInclude>
    <ClInclude Include="DaisyDeps.h">
      <Filter>Header Files</Filter>
    </ClInclude>
    <ClInclude Include="DrawImage.h">
      <Filter>Header Files</Filter>
    </ClInclude>
    <ClInclude Include="Graphics.h">
      <Filter>Header Files</Filter>
    </ClInclude>
    <ClInclude Include="Soundfx.h">
      <Filter>Header Files</Filter>
    </ClInclude>
    <ClInclude Include="SpeechBubble.h">
      <Filter>Header Files</Filter>
    </ClInclude>
    <ClInclude Include="Thoughts.h">
      <Filter>Header Files</Filter>
    </ClInclude>
    <ClInclude Include="TimeElapsed.h">
      <Filter>Header Files</Filter>
    </ClInclude>
    <ClInclude Include="Window.h">
      <Filter>Header Files</Filter>
    </ClInclude>
    <ClInclude Include="WriteText.h">
      <Filter>Header Files</Filter>
    </ClInclude>
    <ClInclude Include="Timer.h">
      <Filter>Header Files</Filter>
    </ClInclude>
    <ClInclude Include="Points.h">
      <Filter>Header Files</Filter>
    </ClInclude>
    <ClInclude Include="GameObject.h">
      <Filter>Header Files</Filter>
    </ClInclude>
    <ClInclude Include="Items.h">
      <Filter>Header Files</Filter>
    </ClInclude>
    <ClInclude Include="Stomach.h">
      <Filter>Header Files</Filter>
    </ClInclude>
    <ClInclude Include="Disease.h">
      <Filter>Header Files</Filter>
    </ClInclude>
  </ItemGroup>
  <ItemGroup>
    <Text Include="DaisyThoughts.txt">
      <Filter>Resource Files</Filter>
    </Text>
  </ItemGroup>
</Project>